// !$*UTF8*$!
{
	archiveVersion = 1;
	classes = {
	};
	objectVersion = 52;
	objects = {

/* Begin PBXBuildFile section */
		C6B3963BA73A1EF67D2B542A /* Pods_noticeApp.framework in Frameworks */ = {isa = PBXBuildFile; fileRef = D154E2E8FC4B2D0BD42FCE42 /* Pods_noticeApp.framework */; };
		D006F91124F5B41200BBD436 /* AppDelegate.swift in Sources */ = {isa = PBXBuildFile; fileRef = D006F91024F5B41200BBD436 /* AppDelegate.swift */; };
		D006F91324F5B41200BBD436 /* SceneDelegate.swift in Sources */ = {isa = PBXBuildFile; fileRef = D006F91224F5B41200BBD436 /* SceneDelegate.swift */; };
		D006F91524F5B41200BBD436 /* ViewController.swift in Sources */ = {isa = PBXBuildFile; fileRef = D006F91424F5B41200BBD436 /* ViewController.swift */; };
		D006F91824F5B41200BBD436 /* Main.storyboard in Resources */ = {isa = PBXBuildFile; fileRef = D006F91624F5B41200BBD436 /* Main.storyboard */; };
		D006F91A24F5B41500BBD436 /* Assets.xcassets in Resources */ = {isa = PBXBuildFile; fileRef = D006F91924F5B41500BBD436 /* Assets.xcassets */; };
		D006F91D24F5B41500BBD436 /* LaunchScreen.storyboard in Resources */ = {isa = PBXBuildFile; fileRef = D006F91B24F5B41500BBD436 /* LaunchScreen.storyboard */; };
		D006F93F24F5B55100BBD436 /* createAccountPresenter.swift in Sources */ = {isa = PBXBuildFile; fileRef = D006F93624F5B55100BBD436 /* createAccountPresenter.swift */; };
		D006F94024F5B55100BBD436 /* createAccountWireFrame.swift in Sources */ = {isa = PBXBuildFile; fileRef = D006F93824F5B55100BBD436 /* createAccountWireFrame.swift */; };
		D006F94124F5B55100BBD436 /* createAccountView.swift in Sources */ = {isa = PBXBuildFile; fileRef = D006F93A24F5B55100BBD436 /* createAccountView.swift */; };
		D006F94224F5B55100BBD436 /* createAccountProtocols.swift in Sources */ = {isa = PBXBuildFile; fileRef = D006F93C24F5B55100BBD436 /* createAccountProtocols.swift */; };
		D006F94324F5B55100BBD436 /* createAccountInteractor.swift in Sources */ = {isa = PBXBuildFile; fileRef = D006F93E24F5B55100BBD436 /* createAccountInteractor.swift */; };
		D006F94524F5B61800BBD436 /* coreDataManager.swift in Sources */ = {isa = PBXBuildFile; fileRef = D006F94424F5B61800BBD436 /* coreDataManager.swift */; };
		D006F94824F5B64100BBD436 /* Model.xcdatamodeld in Sources */ = {isa = PBXBuildFile; fileRef = D006F94624F5B64100BBD436 /* Model.xcdatamodeld */; };
		D006F95424F5C37E00BBD436 /* loginPresenter.swift in Sources */ = {isa = PBXBuildFile; fileRef = D006F94B24F5C37E00BBD436 /* loginPresenter.swift */; };
		D006F95524F5C37E00BBD436 /* loginWireFrame.swift in Sources */ = {isa = PBXBuildFile; fileRef = D006F94D24F5C37E00BBD436 /* loginWireFrame.swift */; };
		D006F95724F5C37E00BBD436 /* loginProtocols.swift in Sources */ = {isa = PBXBuildFile; fileRef = D006F95124F5C37E00BBD436 /* loginProtocols.swift */; };
		D006F95824F5C37E00BBD436 /* loginInteractor.swift in Sources */ = {isa = PBXBuildFile; fileRef = D006F95324F5C37E00BBD436 /* loginInteractor.swift */; };
		D05A9B882500018D007BBD5D /* lottieViewController.swift in Sources */ = {isa = PBXBuildFile; fileRef = D05A9B872500018C007BBD5D /* lottieViewController.swift */; };
		D05A9B8A25000EF9007BBD5D /* facebookAni.json in Resources */ = {isa = PBXBuildFile; fileRef = D05A9B8925000EF8007BBD5D /* facebookAni.json */; };
		D05BA40F24F6E4E6002817D2 /* createAccount.storyboard in Resources */ = {isa = PBXBuildFile; fileRef = D05BA40E24F6E4E6002817D2 /* createAccount.storyboard */; };
		D05BA41B24F72378002817D2 /* publicacionesPresenter.swift in Sources */ = {isa = PBXBuildFile; fileRef = D05BA41224F72378002817D2 /* publicacionesPresenter.swift */; };
		D05BA41C24F72378002817D2 /* publicacionesWireFrame.swift in Sources */ = {isa = PBXBuildFile; fileRef = D05BA41424F72378002817D2 /* publicacionesWireFrame.swift */; };
		D05BA41D24F72378002817D2 /* publicacionesView.swift in Sources */ = {isa = PBXBuildFile; fileRef = D05BA41624F72378002817D2 /* publicacionesView.swift */; };
		D05BA41E24F72378002817D2 /* publicacionesProtocols.swift in Sources */ = {isa = PBXBuildFile; fileRef = D05BA41824F72378002817D2 /* publicacionesProtocols.swift */; };
		D05BA41F24F72378002817D2 /* publicacionesInteractor.swift in Sources */ = {isa = PBXBuildFile; fileRef = D05BA41A24F72378002817D2 /* publicacionesInteractor.swift */; };
		D05BA42124F72399002817D2 /* Publi.storyboard in Resources */ = {isa = PBXBuildFile; fileRef = D05BA42024F72399002817D2 /* Publi.storyboard */; };
		D05BA42524F72F62002817D2 /* TableViewCell.swift in Sources */ = {isa = PBXBuildFile; fileRef = D05BA42324F72F62002817D2 /* TableViewCell.swift */; };
		D05BA42624F72F62002817D2 /* TableViewCell.xib in Resources */ = {isa = PBXBuildFile; fileRef = D05BA42424F72F62002817D2 /* TableViewCell.xib */; };
		D05BA43224F81214002817D2 /* createPubliPresenter.swift in Sources */ = {isa = PBXBuildFile; fileRef = D05BA42924F81214002817D2 /* createPubliPresenter.swift */; };
		D05BA43324F81214002817D2 /* createPubliWireFrame.swift in Sources */ = {isa = PBXBuildFile; fileRef = D05BA42B24F81214002817D2 /* createPubliWireFrame.swift */; };
		D05BA43424F81214002817D2 /* createPubliView.swift in Sources */ = {isa = PBXBuildFile; fileRef = D05BA42D24F81214002817D2 /* createPubliView.swift */; };
		D05BA43524F81214002817D2 /* createPubliProtocols.swift in Sources */ = {isa = PBXBuildFile; fileRef = D05BA42F24F81214002817D2 /* createPubliProtocols.swift */; };
		D05BA43624F81214002817D2 /* createPubliInteractor.swift in Sources */ = {isa = PBXBuildFile; fileRef = D05BA43124F81214002817D2 /* createPubliInteractor.swift */; };
		D05BA43824F8123E002817D2 /* nuevaPubli.storyboard in Resources */ = {isa = PBXBuildFile; fileRef = D05BA43724F8123E002817D2 /* nuevaPubli.storyboard */; };
/* End PBXBuildFile section */

/* Begin PBXFileReference section */
		5377AD902A456B4D945A3E13 /* Pods-noticeApp.release.xcconfig */ = {isa = PBXFileReference; includeInIndex = 1; lastKnownFileType = text.xcconfig; name = "Pods-noticeApp.release.xcconfig"; path = "Target Support Files/Pods-noticeApp/Pods-noticeApp.release.xcconfig"; sourceTree = "<group>"; };
		B90B04FFA625A16EF434DDB6 /* Pods-noticeApp.debug.xcconfig */ = {isa = PBXFileReference; includeInIndex = 1; lastKnownFileType = text.xcconfig; name = "Pods-noticeApp.debug.xcconfig"; path = "Target Support Files/Pods-noticeApp/Pods-noticeApp.debug.xcconfig"; sourceTree = "<group>"; };
		D006F90D24F5B41200BBD436 /* noticeApp.app */ = {isa = PBXFileReference; explicitFileType = wrapper.application; includeInIndex = 0; path = noticeApp.app; sourceTree = BUILT_PRODUCTS_DIR; };
		D006F91024F5B41200BBD436 /* AppDelegate.swift */ = {isa = PBXFileReference; lastKnownFileType = sourcecode.swift; path = AppDelegate.swift; sourceTree = "<group>"; };
		D006F91224F5B41200BBD436 /* SceneDelegate.swift */ = {isa = PBXFileReference; lastKnownFileType = sourcecode.swift; path = SceneDelegate.swift; sourceTree = "<group>"; };
		D006F91424F5B41200BBD436 /* ViewController.swift */ = {isa = PBXFileReference; lastKnownFileType = sourcecode.swift; path = ViewController.swift; sourceTree = "<group>"; };
		D006F91724F5B41200BBD436 /* Base */ = {isa = PBXFileReference; lastKnownFileType = file.storyboard; name = Base; path = Base.lproj/Main.storyboard; sourceTree = "<group>"; };
		D006F91924F5B41500BBD436 /* Assets.xcassets */ = {isa = PBXFileReference; lastKnownFileType = folder.assetcatalog; path = Assets.xcassets; sourceTree = "<group>"; };
		D006F91C24F5B41500BBD436 /* Base */ = {isa = PBXFileReference; lastKnownFileType = file.storyboard; name = Base; path = Base.lproj/LaunchScreen.storyboard; sourceTree = "<group>"; };
		D006F91E24F5B41500BBD436 /* Info.plist */ = {isa = PBXFileReference; lastKnownFileType = text.plist.xml; path = Info.plist; sourceTree = "<group>"; };
		D006F93624F5B55100BBD436 /* createAccountPresenter.swift */ = {isa = PBXFileReference; fileEncoding = 4; lastKnownFileType = sourcecode.swift; path = createAccountPresenter.swift; sourceTree = "<group>"; };
		D006F93824F5B55100BBD436 /* createAccountWireFrame.swift */ = {isa = PBXFileReference; fileEncoding = 4; lastKnownFileType = sourcecode.swift; path = createAccountWireFrame.swift; sourceTree = "<group>"; };
		D006F93A24F5B55100BBD436 /* createAccountView.swift */ = {isa = PBXFileReference; fileEncoding = 4; lastKnownFileType = sourcecode.swift; path = createAccountView.swift; sourceTree = "<group>"; };
		D006F93C24F5B55100BBD436 /* createAccountProtocols.swift */ = {isa = PBXFileReference; fileEncoding = 4; lastKnownFileType = sourcecode.swift; path = createAccountProtocols.swift; sourceTree = "<group>"; };
		D006F93E24F5B55100BBD436 /* createAccountInteractor.swift */ = {isa = PBXFileReference; fileEncoding = 4; lastKnownFileType = sourcecode.swift; path = createAccountInteractor.swift; sourceTree = "<group>"; };
		D006F94424F5B61800BBD436 /* coreDataManager.swift */ = {isa = PBXFileReference; lastKnownFileType = sourcecode.swift; path = coreDataManager.swift; sourceTree = "<group>"; };
		D006F94724F5B64100BBD436 /* Model.xcdatamodel */ = {isa = PBXFileReference; lastKnownFileType = wrapper.xcdatamodel; path = Model.xcdatamodel; sourceTree = "<group>"; };
		D006F94B24F5C37E00BBD436 /* loginPresenter.swift */ = {isa = PBXFileReference; fileEncoding = 4; lastKnownFileType = sourcecode.swift; path = loginPresenter.swift; sourceTree = "<group>"; };
		D006F94D24F5C37E00BBD436 /* loginWireFrame.swift */ = {isa = PBXFileReference; fileEncoding = 4; lastKnownFileType = sourcecode.swift; path = loginWireFrame.swift; sourceTree = "<group>"; };
		D006F95124F5C37E00BBD436 /* loginProtocols.swift */ = {isa = PBXFileReference; fileEncoding = 4; lastKnownFileType = sourcecode.swift; path = loginProtocols.swift; sourceTree = "<group>"; };
		D006F95324F5C37E00BBD436 /* loginInteractor.swift */ = {isa = PBXFileReference; fileEncoding = 4; lastKnownFileType = sourcecode.swift; path = loginInteractor.swift; sourceTree = "<group>"; };
		D05A9B872500018C007BBD5D /* lottieViewController.swift */ = {isa = PBXFileReference; lastKnownFileType = sourcecode.swift; path = lottieViewController.swift; sourceTree = "<group>"; };
		D05A9B8925000EF8007BBD5D /* facebookAni.json */ = {isa = PBXFileReference; fileEncoding = 4; lastKnownFileType = text.json; name = facebookAni.json; path = ../../../Downloads/facebookAni.json; sourceTree = "<group>"; };
		D05BA40E24F6E4E6002817D2 /* createAccount.storyboard */ = {isa = PBXFileReference; lastKnownFileType = file.storyboard; path = createAccount.storyboard; sourceTree = "<group>"; };
		D05BA41224F72378002817D2 /* publicacionesPresenter.swift */ = {isa = PBXFileReference; fileEncoding = 4; lastKnownFileType = sourcecode.swift; path = publicacionesPresenter.swift; sourceTree = "<group>"; };
		D05BA41424F72378002817D2 /* publicacionesWireFrame.swift */ = {isa = PBXFileReference; fileEncoding = 4; lastKnownFileType = sourcecode.swift; path = publicacionesWireFrame.swift; sourceTree = "<group>"; };
		D05BA41624F72378002817D2 /* publicacionesView.swift */ = {isa = PBXFileReference; fileEncoding = 4; lastKnownFileType = sourcecode.swift; path = publicacionesView.swift; sourceTree = "<group>"; };
		D05BA41824F72378002817D2 /* publicacionesProtocols.swift */ = {isa = PBXFileReference; fileEncoding = 4; lastKnownFileType = sourcecode.swift; path = publicacionesProtocols.swift; sourceTree = "<group>"; };
		D05BA41A24F72378002817D2 /* publicacionesInteractor.swift */ = {isa = PBXFileReference; fileEncoding = 4; lastKnownFileType = sourcecode.swift; path = publicacionesInteractor.swift; sourceTree = "<group>"; };
		D05BA42024F72399002817D2 /* Publi.storyboard */ = {isa = PBXFileReference; lastKnownFileType = file.storyboard; path = Publi.storyboard; sourceTree = "<group>"; };
		D05BA42324F72F62002817D2 /* TableViewCell.swift */ = {isa = PBXFileReference; lastKnownFileType = sourcecode.swift; path = TableViewCell.swift; sourceTree = "<group>"; };
		D05BA42424F72F62002817D2 /* TableViewCell.xib */ = {isa = PBXFileReference; lastKnownFileType = file.xib; path = TableViewCell.xib; sourceTree = "<group>"; };
		D05BA42924F81214002817D2 /* createPubliPresenter.swift */ = {isa = PBXFileReference; fileEncoding = 4; lastKnownFileType = sourcecode.swift; path = createPubliPresenter.swift; sourceTree = "<group>"; };
		D05BA42B24F81214002817D2 /* createPubliWireFrame.swift */ = {isa = PBXFileReference; fileEncoding = 4; lastKnownFileType = sourcecode.swift; path = createPubliWireFrame.swift; sourceTree = "<group>"; };
		D05BA42D24F81214002817D2 /* createPubliView.swift */ = {isa = PBXFileReference; fileEncoding = 4; lastKnownFileType = sourcecode.swift; path = createPubliView.swift; sourceTree = "<group>"; };
		D05BA42F24F81214002817D2 /* createPubliProtocols.swift */ = {isa = PBXFileReference; fileEncoding = 4; lastKnownFileType = sourcecode.swift; path = createPubliProtocols.swift; sourceTree = "<group>"; };
		D05BA43124F81214002817D2 /* createPubliInteractor.swift */ = {isa = PBXFileReference; fileEncoding = 4; lastKnownFileType = sourcecode.swift; path = createPubliInteractor.swift; sourceTree = "<group>"; };
		D05BA43724F8123E002817D2 /* nuevaPubli.storyboard */ = {isa = PBXFileReference; lastKnownFileType = file.storyboard; path = nuevaPubli.storyboard; sourceTree = "<group>"; };
		D154E2E8FC4B2D0BD42FCE42 /* Pods_noticeApp.framework */ = {isa = PBXFileReference; explicitFileType = wrapper.framework; includeInIndex = 0; path = Pods_noticeApp.framework; sourceTree = BUILT_PRODUCTS_DIR; };
/* End PBXFileReference section */

/* Begin PBXFrameworksBuildPhase section */
		D006F90A24F5B41200BBD436 /* Frameworks */ = {
			isa = PBXFrameworksBuildPhase;
			buildActionMask = 2147483647;
			files = (
				C6B3963BA73A1EF67D2B542A /* Pods_noticeApp.framework in Frameworks */,
			);
			runOnlyForDeploymentPostprocessing = 0;
		};
/* End PBXFrameworksBuildPhase section */

/* Begin PBXGroup section */
		B520AE4C59303C5922C3460A /* Pods */ = {
			isa = PBXGroup;
			children = (
				B90B04FFA625A16EF434DDB6 /* Pods-noticeApp.debug.xcconfig */,
				5377AD902A456B4D945A3E13 /* Pods-noticeApp.release.xcconfig */,
			);
			name = Pods;
			path = Pods;
			sourceTree = "<group>";
		};
		D006F90424F5B41200BBD436 = {
			isa = PBXGroup;
			children = (
				D006F90F24F5B41200BBD436 /* noticeApp */,
				D006F90E24F5B41200BBD436 /* Products */,
				B520AE4C59303C5922C3460A /* Pods */,
				F10D878DAB16B5099DAB6A75 /* Frameworks */,
			);
			sourceTree = "<group>";
		};
		D006F90E24F5B41200BBD436 /* Products */ = {
			isa = PBXGroup;
			children = (
				D006F90D24F5B41200BBD436 /* noticeApp.app */,
			);
			name = Products;
			sourceTree = "<group>";
		};
		D006F90F24F5B41200BBD436 /* noticeApp */ = {
			isa = PBXGroup;
			children = (
				D05A9B8925000EF8007BBD5D /* facebookAni.json */,
				D05BA42724F81214002817D2 /* createPubli */,
				D05BA41024F72378002817D2 /* publicaciones */,
				D006F94924F5C37E00BBD436 /* login */,
				D006F93424F5B55100BBD436 /* createAccount */,
				D006F91024F5B41200BBD436 /* AppDelegate.swift */,
				D006F91224F5B41200BBD436 /* SceneDelegate.swift */,
				D006F91924F5B41500BBD436 /* Assets.xcassets */,
				D006F91B24F5B41500BBD436 /* LaunchScreen.storyboard */,
				D006F91E24F5B41500BBD436 /* Info.plist */,
				D006F94424F5B61800BBD436 /* coreDataManager.swift */,
				D006F94624F5B64100BBD436 /* Model.xcdatamodeld */,
			);
			path = noticeApp;
			sourceTree = "<group>";
		};
		D006F93424F5B55100BBD436 /* createAccount */ = {
			isa = PBXGroup;
			children = (
				D006F93524F5B55100BBD436 /* Presenter */,
				D006F93724F5B55100BBD436 /* WireFrame */,
				D006F93924F5B55100BBD436 /* View */,
				D006F93B24F5B55100BBD436 /* Protocols */,
				D006F93D24F5B55100BBD436 /* Interactor */,
			);
			path = createAccount;
			sourceTree = "<group>";
		};
		D006F93524F5B55100BBD436 /* Presenter */ = {
			isa = PBXGroup;
			children = (
				D006F93624F5B55100BBD436 /* createAccountPresenter.swift */,
			);
			path = Presenter;
			sourceTree = "<group>";
		};
		D006F93724F5B55100BBD436 /* WireFrame */ = {
			isa = PBXGroup;
			children = (
				D006F93824F5B55100BBD436 /* createAccountWireFrame.swift */,
			);
			path = WireFrame;
			sourceTree = "<group>";
		};
		D006F93924F5B55100BBD436 /* View */ = {
			isa = PBXGroup;
			children = (
				D006F93A24F5B55100BBD436 /* createAccountView.swift */,
				D05BA40E24F6E4E6002817D2 /* createAccount.storyboard */,
			);
			path = View;
			sourceTree = "<group>";
		};
		D006F93B24F5B55100BBD436 /* Protocols */ = {
			isa = PBXGroup;
			children = (
				D006F93C24F5B55100BBD436 /* createAccountProtocols.swift */,
			);
			path = Protocols;
			sourceTree = "<group>";
		};
		D006F93D24F5B55100BBD436 /* Interactor */ = {
			isa = PBXGroup;
			children = (
				D006F93E24F5B55100BBD436 /* createAccountInteractor.swift */,
			);
			path = Interactor;
			sourceTree = "<group>";
		};
		D006F94924F5C37E00BBD436 /* login */ = {
			isa = PBXGroup;
			children = (
				D006F94A24F5C37E00BBD436 /* Presenter */,
				D006F94C24F5C37E00BBD436 /* WireFrame */,
				D006F94E24F5C37E00BBD436 /* View */,
				D006F95024F5C37E00BBD436 /* Protocols */,
				D006F95224F5C37E00BBD436 /* Interactor */,
			);
			name = login;
			path = noticeApp/login;
			sourceTree = SOURCE_ROOT;
		};
		D006F94A24F5C37E00BBD436 /* Presenter */ = {
			isa = PBXGroup;
			children = (
				D006F94B24F5C37E00BBD436 /* loginPresenter.swift */,
			);
			path = Presenter;
			sourceTree = "<group>";
		};
		D006F94C24F5C37E00BBD436 /* WireFrame */ = {
			isa = PBXGroup;
			children = (
				D006F94D24F5C37E00BBD436 /* loginWireFrame.swift */,
			);
			path = WireFrame;
			sourceTree = "<group>";
		};
		D006F94E24F5C37E00BBD436 /* View */ = {
			isa = PBXGroup;
			children = (
				D006F91424F5B41200BBD436 /* ViewController.swift */,
				D05A9B872500018C007BBD5D /* lottieViewController.swift */,
				D006F91624F5B41200BBD436 /* Main.storyboard */,
			);
			path = View;
			sourceTree = "<group>";
		};
		D006F95024F5C37E00BBD436 /* Protocols */ = {
			isa = PBXGroup;
			children = (
				D006F95124F5C37E00BBD436 /* loginProtocols.swift */,
			);
			path = Protocols;
			sourceTree = "<group>";
		};
		D006F95224F5C37E00BBD436 /* Interactor */ = {
			isa = PBXGroup;
			children = (
				D006F95324F5C37E00BBD436 /* loginInteractor.swift */,
			);
			path = Interactor;
			sourceTree = "<group>";
		};
		D05BA41024F72378002817D2 /* publicaciones */ = {
			isa = PBXGroup;
			children = (
				D05BA41124F72378002817D2 /* Presenter */,
				D05BA41324F72378002817D2 /* WireFrame */,
				D05BA41524F72378002817D2 /* View */,
				D05BA41724F72378002817D2 /* Protocols */,
				D05BA41924F72378002817D2 /* Interactor */,
			);
			path = publicaciones;
			sourceTree = "<group>";
		};
		D05BA41124F72378002817D2 /* Presenter */ = {
			isa = PBXGroup;
			children = (
				D05BA41224F72378002817D2 /* publicacionesPresenter.swift */,
			);
			path = Presenter;
			sourceTree = "<group>";
		};
		D05BA41324F72378002817D2 /* WireFrame */ = {
			isa = PBXGroup;
			children = (
				D05BA41424F72378002817D2 /* publicacionesWireFrame.swift */,
			);
			path = WireFrame;
			sourceTree = "<group>";
		};
		D05BA41524F72378002817D2 /* View */ = {
			isa = PBXGroup;
			children = (
				D05BA42224F72F3C002817D2 /* Cell */,
				D05BA41624F72378002817D2 /* publicacionesView.swift */,
				D05BA42024F72399002817D2 /* Publi.storyboard */,
			);
			path = View;
			sourceTree = "<group>";
		};
		D05BA41724F72378002817D2 /* Protocols */ = {
			isa = PBXGroup;
			children = (
				D05BA41824F72378002817D2 /* publicacionesProtocols.swift */,
			);
			path = Protocols;
			sourceTree = "<group>";
		};
		D05BA41924F72378002817D2 /* Interactor */ = {
			isa = PBXGroup;
			children = (
				D05BA41A24F72378002817D2 /* publicacionesInteractor.swift */,
			);
			path = Interactor;
			sourceTree = "<group>";
		};
		D05BA42224F72F3C002817D2 /* Cell */ = {
			isa = PBXGroup;
			children = (
				D05BA42324F72F62002817D2 /* TableViewCell.swift */,
				D05BA42424F72F62002817D2 /* TableViewCell.xib */,
			);
			path = Cell;
			sourceTree = "<group>";
		};
		D05BA42724F81214002817D2 /* createPubli */ = {
			isa = PBXGroup;
			children = (
				D05BA42824F81214002817D2 /* Presenter */,
				D05BA42A24F81214002817D2 /* WireFrame */,
				D05BA42C24F81214002817D2 /* View */,
				D05BA42E24F81214002817D2 /* Protocols */,
				D05BA43024F81214002817D2 /* Interactor */,
			);
			path = createPubli;
			sourceTree = "<group>";
		};
		D05BA42824F81214002817D2 /* Presenter */ = {
			isa = PBXGroup;
			children = (
				D05BA42924F81214002817D2 /* createPubliPresenter.swift */,
			);
			path = Presenter;
			sourceTree = "<group>";
		};
		D05BA42A24F81214002817D2 /* WireFrame */ = {
			isa = PBXGroup;
			children = (
				D05BA42B24F81214002817D2 /* createPubliWireFrame.swift */,
			);
			path = WireFrame;
			sourceTree = "<group>";
		};
		D05BA42C24F81214002817D2 /* View */ = {
			isa = PBXGroup;
			children = (
				D05BA42D24F81214002817D2 /* createPubliView.swift */,
				D05BA43724F8123E002817D2 /* nuevaPubli.storyboard */,
			);
			path = View;
			sourceTree = "<group>";
		};
		D05BA42E24F81214002817D2 /* Protocols */ = {
			isa = PBXGroup;
			children = (
				D05BA42F24F81214002817D2 /* createPubliProtocols.swift */,
			);
			path = Protocols;
			sourceTree = "<group>";
		};
		D05BA43024F81214002817D2 /* Interactor */ = {
			isa = PBXGroup;
			children = (
				D05BA43124F81214002817D2 /* createPubliInteractor.swift */,
			);
			path = Interactor;
			sourceTree = "<group>";
		};
		F10D878DAB16B5099DAB6A75 /* Frameworks */ = {
			isa = PBXGroup;
			children = (
				D154E2E8FC4B2D0BD42FCE42 /* Pods_noticeApp.framework */,
			);
			name = Frameworks;
			sourceTree = "<group>";
		};
/* End PBXGroup section */

/* Begin PBXNativeTarget section */
		D006F90C24F5B41200BBD436 /* noticeApp */ = {
			isa = PBXNativeTarget;
			buildConfigurationList = D006F92124F5B41500BBD436 /* Build configuration list for PBXNativeTarget "noticeApp" */;
			buildPhases = (
				704C7EB22AD8BC203DF65102 /* [CP] Check Pods Manifest.lock */,
				D006F90924F5B41200BBD436 /* Sources */,
				D006F90A24F5B41200BBD436 /* Frameworks */,
				D006F90B24F5B41200BBD436 /* Resources */,
				774C873226E6A6338B8AA572 /* [CP] Embed Pods Frameworks */,
			);
			buildRules = (
			);
			dependencies = (
			);
			name = noticeApp;
			productName = noticeApp;
			productReference = D006F90D24F5B41200BBD436 /* noticeApp.app */;
			productType = "com.apple.product-type.application";
		};
/* End PBXNativeTarget section */

/* Begin PBXProject section */
		D006F90524F5B41200BBD436 /* Project object */ = {
			isa = PBXProject;
			attributes = {
				LastSwiftUpdateCheck = 1150;
				LastUpgradeCheck = 1150;
				ORGANIZATIONNAME = "Miguel Eduardo  Valdez Tellez ";
				TargetAttributes = {
					D006F90C24F5B41200BBD436 = {
						CreatedOnToolsVersion = 11.5;
					};
				};
			};
			buildConfigurationList = D006F90824F5B41200BBD436 /* Build configuration list for PBXProject "noticeApp" */;
			compatibilityVersion = "Xcode 9.3";
			developmentRegion = en;
			hasScannedForEncodings = 0;
			knownRegions = (
				en,
				Base,
			);
			mainGroup = D006F90424F5B41200BBD436;
			packageReferences = (
				D05A9B7F24FFED59007BBD5D /* RemoteSwiftPackageReference */,
			);
			productRefGroup = D006F90E24F5B41200BBD436 /* Products */;
			projectDirPath = "";
			projectRoot = "";
			targets = (
				D006F90C24F5B41200BBD436 /* noticeApp */,
			);
		};
/* End PBXProject section */

/* Begin PBXResourcesBuildPhase section */
		D006F90B24F5B41200BBD436 /* Resources */ = {
			isa = PBXResourcesBuildPhase;
			buildActionMask = 2147483647;
			files = (
				D05BA40F24F6E4E6002817D2 /* createAccount.storyboard in Resources */,
				D05BA42624F72F62002817D2 /* TableViewCell.xib in Resources */,
				D05BA42124F72399002817D2 /* Publi.storyboard in Resources */,
				D05BA43824F8123E002817D2 /* nuevaPubli.storyboard in Resources */,
				D006F91D24F5B41500BBD436 /* LaunchScreen.storyboard in Resources */,
				D006F91A24F5B41500BBD436 /* Assets.xcassets in Resources */,
				D05A9B8A25000EF9007BBD5D /* facebookAni.json in Resources */,
				D006F91824F5B41200BBD436 /* Main.storyboard in Resources */,
			);
			runOnlyForDeploymentPostprocessing = 0;
		};
/* End PBXResourcesBuildPhase section */

/* Begin PBXShellScriptBuildPhase section */
		704C7EB22AD8BC203DF65102 /* [CP] Check Pods Manifest.lock */ = {
			isa = PBXShellScriptBuildPhase;
			buildActionMask = 2147483647;
			files = (
			);
			inputFileListPaths = (
			);
			inputPaths = (
				"${PODS_PODFILE_DIR_PATH}/Podfile.lock",
				"${PODS_ROOT}/Manifest.lock",
			);
			name = "[CP] Check Pods Manifest.lock";
			outputFileListPaths = (
			);
			outputPaths = (
				"$(DERIVED_FILE_DIR)/Pods-noticeApp-checkManifestLockResult.txt",
			);
			runOnlyForDeploymentPostprocessing = 0;
			shellPath = /bin/sh;
			shellScript = "diff \"${PODS_PODFILE_DIR_PATH}/Podfile.lock\" \"${PODS_ROOT}/Manifest.lock\" > /dev/null\nif [ $? != 0 ] ; then\n    # print error to STDERR\n    echo \"error: The sandbox is not in sync with the Podfile.lock. Run 'pod install' or update your CocoaPods installation.\" >&2\n    exit 1\nfi\n# This output is used by Xcode 'outputs' to avoid re-running this script phase.\necho \"SUCCESS\" > \"${SCRIPT_OUTPUT_FILE_0}\"\n";
			showEnvVarsInLog = 0;
		};
		774C873226E6A6338B8AA572 /* [CP] Embed Pods Frameworks */ = {
			isa = PBXShellScriptBuildPhase;
			buildActionMask = 2147483647;
			files = (
			);
			inputFileListPaths = (
				"${PODS_ROOT}/Target Support Files/Pods-noticeApp/Pods-noticeApp-frameworks-${CONFIGURATION}-input-files.xcfilelist",
			);
			name = "[CP] Embed Pods Frameworks";
			outputFileListPaths = (
				"${PODS_ROOT}/Target Support Files/Pods-noticeApp/Pods-noticeApp-frameworks-${CONFIGURATION}-output-files.xcfilelist",
			);
			runOnlyForDeploymentPostprocessing = 0;
			shellPath = /bin/sh;
			shellScript = "\"${PODS_ROOT}/Target Support Files/Pods-noticeApp/Pods-noticeApp-frameworks.sh\"\n";
			showEnvVarsInLog = 0;
		};
/* End PBXShellScriptBuildPhase section */

/* Begin PBXSourcesBuildPhase section */
		D006F90924F5B41200BBD436 /* Sources */ = {
			isa = PBXSourcesBuildPhase;
			buildActionMask = 2147483647;
			files = (
				D006F94324F5B55100BBD436 /* createAccountInteractor.swift in Sources */,
				D05BA41F24F72378002817D2 /* publicacionesInteractor.swift in Sources */,
				D05BA43424F81214002817D2 /* createPubliView.swift in Sources */,
				D006F94824F5B64100BBD436 /* Model.xcdatamodeld in Sources */,
				D006F94224F5B55100BBD436 /* createAccountProtocols.swift in Sources */,
				D006F93F24F5B55100BBD436 /* createAccountPresenter.swift in Sources */,
				D05BA42524F72F62002817D2 /* TableViewCell.swift in Sources */,
				D05A9B882500018D007BBD5D /* lottieViewController.swift in Sources */,
				D006F94124F5B55100BBD436 /* createAccountView.swift in Sources */,
				D006F94024F5B55100BBD436 /* createAccountWireFrame.swift in Sources */,
				D006F94524F5B61800BBD436 /* coreDataManager.swift in Sources */,
				D05BA43524F81214002817D2 /* createPubliProtocols.swift in Sources */,
				D05BA43224F81214002817D2 /* createPubliPresenter.swift in Sources */,
				D006F91524F5B41200BBD436 /* ViewController.swift in Sources */,
				D05BA41D24F72378002817D2 /* publicacionesView.swift in Sources */,
				D05BA41E24F72378002817D2 /* publicacionesProtocols.swift in Sources */,
				D006F91124F5B41200BBD436 /* AppDelegate.swift in Sources */,
				D006F95424F5C37E00BBD436 /* loginPresenter.swift in Sources */,
				D05BA41C24F72378002817D2 /* publicacionesWireFrame.swift in Sources */,
				D006F95824F5C37E00BBD436 /* loginInteractor.swift in Sources */,
				D006F95524F5C37E00BBD436 /* loginWireFrame.swift in Sources */,
				D05BA41B24F72378002817D2 /* publicacionesPresenter.swift in Sources */,
				D05BA43324F81214002817D2 /* createPubliWireFrame.swift in Sources */,
				D006F95724F5C37E00BBD436 /* loginProtocols.swift in Sources */,
				D05BA43624F81214002817D2 /* createPubliInteractor.swift in Sources */,
				D006F91324F5B41200BBD436 /* SceneDelegate.swift in Sources */,
			);
			runOnlyForDeploymentPostprocessing = 0;
		};
/* End PBXSourcesBuildPhase section */

/* Begin PBXVariantGroup section */
		D006F91624F5B41200BBD436 /* Main.storyboard */ = {
			isa = PBXVariantGroup;
			children = (
				D006F91724F5B41200BBD436 /* Base */,
			);
			name = Main.storyboard;
			sourceTree = "<group>";
		};
		D006F91B24F5B41500BBD436 /* LaunchScreen.storyboard */ = {
			isa = PBXVariantGroup;
			children = (
				D006F91C24F5B41500BBD436 /* Base */,
			);
			name = LaunchScreen.storyboard;
			sourceTree = "<group>";
		};
/* End PBXVariantGroup section */

/* Begin XCBuildConfiguration section */
		D006F91F24F5B41500BBD436 /* Debug */ = {
			isa = XCBuildConfiguration;
			buildSettings = {
				ALWAYS_SEARCH_USER_PATHS = NO;
				CLANG_ANALYZER_NONNULL = YES;
				CLANG_ANALYZER_NUMBER_OBJECT_CONVERSION = YES_AGGRESSIVE;
				CLANG_CXX_LANGUAGE_STANDARD = "gnu++14";
				CLANG_CXX_LIBRARY = "libc++";
				CLANG_ENABLE_MODULES = YES;
				CLANG_ENABLE_OBJC_ARC = YES;
				CLANG_ENABLE_OBJC_WEAK = YES;
				CLANG_WARN_BLOCK_CAPTURE_AUTORELEASING = YES;
				CLANG_WARN_BOOL_CONVERSION = YES;
				CLANG_WARN_COMMA = YES;
				CLANG_WARN_CONSTANT_CONVERSION = YES;
				CLANG_WARN_DEPRECATED_OBJC_IMPLEMENTATIONS = YES;
				CLANG_WARN_DIRECT_OBJC_ISA_USAGE = YES_ERROR;
				CLANG_WARN_DOCUMENTATION_COMMENTS = YES;
				CLANG_WARN_EMPTY_BODY = YES;
				CLANG_WARN_ENUM_CONVERSION = YES;
				CLANG_WARN_INFINITE_RECURSION = YES;
				CLANG_WARN_INT_CONVERSION = YES;
				CLANG_WARN_NON_LITERAL_NULL_CONVERSION = YES;
				CLANG_WARN_OBJC_IMPLICIT_RETAIN_SELF = YES;
				CLANG_WARN_OBJC_LITERAL_CONVERSION = YES;
				CLANG_WARN_OBJC_ROOT_CLASS = YES_ERROR;
				CLANG_WARN_RANGE_LOOP_ANALYSIS = YES;
				CLANG_WARN_STRICT_PROTOTYPES = YES;
				CLANG_WARN_SUSPICIOUS_MOVE = YES;
				CLANG_WARN_UNGUARDED_AVAILABILITY = YES_AGGRESSIVE;
				CLANG_WARN_UNREACHABLE_CODE = YES;
				CLANG_WARN__DUPLICATE_METHOD_MATCH = YES;
				COPY_PHASE_STRIP = NO;
				DEBUG_INFORMATION_FORMAT = dwarf;
				ENABLE_STRICT_OBJC_MSGSEND = YES;
				ENABLE_TESTABILITY = YES;
				GCC_C_LANGUAGE_STANDARD = gnu11;
				GCC_DYNAMIC_NO_PIC = NO;
				GCC_NO_COMMON_BLOCKS = YES;
				GCC_OPTIMIZATION_LEVEL = 0;
				GCC_PREPROCESSOR_DEFINITIONS = (
					"DEBUG=1",
					"$(inherited)",
				);
				GCC_WARN_64_TO_32_BIT_CONVERSION = YES;
				GCC_WARN_ABOUT_RETURN_TYPE = YES_ERROR;
				GCC_WARN_UNDECLARED_SELECTOR = YES;
				GCC_WARN_UNINITIALIZED_AUTOS = YES_AGGRESSIVE;
				GCC_WARN_UNUSED_FUNCTION = YES;
				GCC_WARN_UNUSED_VARIABLE = YES;
				IPHONEOS_DEPLOYMENT_TARGET = 13.5;
				MTL_ENABLE_DEBUG_INFO = INCLUDE_SOURCE;
				MTL_FAST_MATH = YES;
				ONLY_ACTIVE_ARCH = YES;
				SDKROOT = iphoneos;
				SWIFT_ACTIVE_COMPILATION_CONDITIONS = DEBUG;
				SWIFT_OPTIMIZATION_LEVEL = "-Onone";
			};
			name = Debug;
		};
		D006F92024F5B41500BBD436 /* Release */ = {
			isa = XCBuildConfiguration;
			buildSettings = {
				ALWAYS_SEARCH_USER_PATHS = NO;
				CLANG_ANALYZER_NONNULL = YES;
				CLANG_ANALYZER_NUMBER_OBJECT_CONVERSION = YES_AGGRESSIVE;
				CLANG_CXX_LANGUAGE_STANDARD = "gnu++14";
				CLANG_CXX_LIBRARY = "libc++";
				CLANG_ENABLE_MODULES = YES;
				CLANG_ENABLE_OBJC_ARC = YES;
				CLANG_ENABLE_OBJC_WEAK = YES;
				CLANG_WARN_BLOCK_CAPTURE_AUTORELEASING = YES;
				CLANG_WARN_BOOL_CONVERSION = YES;
				CLANG_WARN_COMMA = YES;
				CLANG_WARN_CONSTANT_CONVERSION = YES;
				CLANG_WARN_DEPRECATED_OBJC_IMPLEMENTATIONS = YES;
				CLANG_WARN_DIRECT_OBJC_ISA_USAGE = YES_ERROR;
				CLANG_WARN_DOCUMENTATION_COMMENTS = YES;
				CLANG_WARN_EMPTY_BODY = YES;
				CLANG_WARN_ENUM_CONVERSION = YES;
				CLANG_WARN_INFINITE_RECURSION = YES;
				CLANG_WARN_INT_CONVERSION = YES;
				CLANG_WARN_NON_LITERAL_NULL_CONVERSION = YES;
				CLANG_WARN_OBJC_IMPLICIT_RETAIN_SELF = YES;
				CLANG_WARN_OBJC_LITERAL_CONVERSION = YES;
				CLANG_WARN_OBJC_ROOT_CLASS = YES_ERROR;
				CLANG_WARN_RANGE_LOOP_ANALYSIS = YES;
				CLANG_WARN_STRICT_PROTOTYPES = YES;
				CLANG_WARN_SUSPICIOUS_MOVE = YES;
				CLANG_WARN_UNGUARDED_AVAILABILITY = YES_AGGRESSIVE;
				CLANG_WARN_UNREACHABLE_CODE = YES;
				CLANG_WARN__DUPLICATE_METHOD_MATCH = YES;
				COPY_PHASE_STRIP = NO;
				DEBUG_INFORMATION_FORMAT = "dwarf-with-dsym";
				ENABLE_NS_ASSERTIONS = NO;
				ENABLE_STRICT_OBJC_MSGSEND = YES;
				GCC_C_LANGUAGE_STANDARD = gnu11;
				GCC_NO_COMMON_BLOCKS = YES;
				GCC_WARN_64_TO_32_BIT_CONVERSION = YES;
				GCC_WARN_ABOUT_RETURN_TYPE = YES_ERROR;
				GCC_WARN_UNDECLARED_SELECTOR = YES;
				GCC_WARN_UNINITIALIZED_AUTOS = YES_AGGRESSIVE;
				GCC_WARN_UNUSED_FUNCTION = YES;
				GCC_WARN_UNUSED_VARIABLE = YES;
				IPHONEOS_DEPLOYMENT_TARGET = 13.5;
				MTL_ENABLE_DEBUG_INFO = NO;
				MTL_FAST_MATH = YES;
				SDKROOT = iphoneos;
				SWIFT_COMPILATION_MODE = wholemodule;
				SWIFT_OPTIMIZATION_LEVEL = "-O";
				VALIDATE_PRODUCT = YES;
			};
			name = Release;
		};
		D006F92224F5B41500BBD436 /* Debug */ = {
			isa = XCBuildConfiguration;
			baseConfigurationReference = B90B04FFA625A16EF434DDB6 /* Pods-noticeApp.debug.xcconfig */;
			buildSettings = {
				ASSETCATALOG_COMPILER_APPICON_NAME = AppIcon;
				CODE_SIGN_STYLE = Automatic;
				DEVELOPMENT_TEAM = LDTAC66VP2;
				INFOPLIST_FILE = noticeApp/Info.plist;
				LD_RUNPATH_SEARCH_PATHS = (
					"$(inherited)",
					"@executable_path/Frameworks",
				);
				PRODUCT_BUNDLE_IDENTIFIER = Linko.noticeApp;
				PRODUCT_NAME = "$(TARGET_NAME)";
				SWIFT_VERSION = 5.0;
				TARGETED_DEVICE_FAMILY = "1,2";
			};
			name = Debug;
		};
		D006F92324F5B41500BBD436 /* Release */ = {
			isa = XCBuildConfiguration;
			baseConfigurationReference = 5377AD902A456B4D945A3E13 /* Pods-noticeApp.release.xcconfig */;
			buildSettings = {
				ASSETCATALOG_COMPILER_APPICON_NAME = AppIcon;
				CODE_SIGN_STYLE = Automatic;
				DEVELOPMENT_TEAM = LDTAC66VP2;
				INFOPLIST_FILE = noticeApp/Info.plist;
				LD_RUNPATH_SEARCH_PATHS = (
					"$(inherited)",
					"@executable_path/Frameworks",
				);
				PRODUCT_BUNDLE_IDENTIFIER = Linko.noticeApp;
				PRODUCT_NAME = "$(TARGET_NAME)";
				SWIFT_VERSION = 5.0;
				TARGETED_DEVICE_FAMILY = "1,2";
			};
			name = Release;
		};
/* End XCBuildConfiguration section */

/* Begin XCConfigurationList section */
		D006F90824F5B41200BBD436 /* Build configuration list for PBXProject "noticeApp" */ = {
			isa = XCConfigurationList;
			buildConfigurations = (
				D006F91F24F5B41500BBD436 /* Debug */,
				D006F92024F5B41500BBD436 /* Release */,
			);
			defaultConfigurationIsVisible = 0;
			defaultConfigurationName = Release;
		};
		D006F92124F5B41500BBD436 /* Build configuration list for PBXNativeTarget "noticeApp" */ = {
			isa = XCConfigurationList;
			buildConfigurations = (
				D006F92224F5B41500BBD436 /* Debug */,
				D006F92324F5B41500BBD436 /* Release */,
			);
			defaultConfigurationIsVisible = 0;
			defaultConfigurationName = Release;
		};
/* End XCConfigurationList section */

/* Begin XCRemoteSwiftPackageReference section */
		D05A9B7F24FFED59007BBD5D /* RemoteSwiftPackageReference */ = {
			isa = XCRemoteSwiftPackageReference;
			repositoryURL = "https://github.com/airbnb/lottie-ios.git";
			requirement = {
				kind = upToNextMajorVersion;
				minimumVersion = 3.1.8;
			};
		};
/* End XCRemoteSwiftPackageReference section */

/* Begin XCVersionGroup section */
		D006F94624F5B64100BBD436 /* Model.xcdatamodeld */ = {
			isa = XCVersionGroup;
			children = (
				D006F94724F5B64100BBD436 /* Model.xcdatamodel */,
			);
			currentVersion = D006F94724F5B64100BBD436 /* Model.xcdatamodel */;
			path = Model.xcdatamodeld;
			sourceTree = "<group>";
			versionGroupType = wrapper.xcdatamodel;
		};
/* End XCVersionGroup section */
	};
	rootObject = D006F90524F5B41200BBD436 /* Project object */;
}
