// !$*UTF8*$!
{
	archiveVersion = 1;
	classes = {
	};
	objectVersion = 50;
	objects = {

/* Begin PBXBuildFile section */
		D006F91124F5B41200BBD436 /* AppDelegate.swift in Sources */ = {isa = PBXBuildFile; fileRef = D006F91024F5B41200BBD436 /* AppDelegate.swift */; };
		D006F91324F5B41200BBD436 /* SceneDelegate.swift in Sources */ = {isa = PBXBuildFile; fileRef = D006F91224F5B41200BBD436 /* SceneDelegate.swift */; };
		D006F91524F5B41200BBD436 /* ViewController.swift in Sources */ = {isa = PBXBuildFile; fileRef = D006F91424F5B41200BBD436 /* ViewController.swift */; };
		D006F91824F5B41200BBD436 /* Main.storyboard in Resources */ = {isa = PBXBuildFile; fileRef = D006F91624F5B41200BBD436 /* Main.storyboard */; };
		D006F91A24F5B41500BBD436 /* Assets.xcassets in Resources */ = {isa = PBXBuildFile; fileRef = D006F91924F5B41500BBD436 /* Assets.xcassets */; };
		D006F91D24F5B41500BBD436 /* LaunchScreen.storyboard in Resources */ = {isa = PBXBuildFile; fileRef = D006F91B24F5B41500BBD436 /* LaunchScreen.storyboard */; };
/* End PBXBuildFile section */

/* Begin PBXFileReference section */
		D006F90D24F5B41200BBD436 /* noticeApp.app */ = {isa = PBXFileReference; explicitFileType = wrapper.application; includeInIndex = 0; path = noticeApp.app; sourceTree = BUILT_PRODUCTS_DIR; };
		D006F91024F5B41200BBD436 /* AppDelegate.swift */ = {isa = PBXFileReference; lastKnownFileType = sourcecode.swift; path = AppDelegate.swift; sourceTree = "<group>"; };
		D006F91224F5B41200BBD436 /* SceneDelegate.swift */ = {isa = PBXFileReference; lastKnownFileType = sourcecode.swift; path = SceneDelegate.swift; sourceTree = "<group>"; };
		D006F91424F5B41200BBD436 /* ViewController.swift */ = {isa = PBXFileReference; lastKnownFileType = sourcecode.swift; path = ViewController.swift; sourceTree = "<group>"; };
		D006F91724F5B41200BBD436 /* Base */ = {isa = PBXFileReference; lastKnownFileType = file.storyboard; name = Base; path = Base.lproj/Main.storyboard; sourceTree = "<group>"; };
		D006F91924F5B41500BBD436 /* Assets.xcassets */ = {isa = PBXFileReference; lastKnownFileType = folder.assetcatalog; path = Assets.xcassets; sourceTree = "<group>"; };
		D006F91C24F5B41500BBD436 /* Base */ = {isa = PBXFileReference; lastKnownFileType = file.storyboard; name = Base; path = Base.lproj/LaunchScreen.storyboard; sourceTree = "<group>"; };
		D006F91E24F5B41500BBD436 /* Info.plist */ = {isa = PBXFileReference; lastKnownFileType = text.plist.xml; path = Info.plist; sourceTree = "<group>"; };
/* End PBXFileReference section */

/* Begin PBXFrameworksBuildPhase section */
		D006F90A24F5B41200BBD436 /* Frameworks */ = {
			isa = PBXFrameworksBuildPhase;
			buildActionMask = 2147483647;
			files = (
			);
			runOnlyForDeploymentPostprocessing = 0;
		};
/* End PBXFrameworksBuildPhase section */

/* Begin PBXGroup section */
		D006F90424F5B41200BBD436 = {
			isa = PBXGroup;
			children = (
				D006F90F24F5B41200BBD436 /* noticeApp */,
				D006F90E24F5B41200BBD436 /* Products */,
			);
			sourceTree = "<group>";
		};
		D006F90E24F5B41200BBD436 /* Products */ = {
			isa = PBXGroup;
			children = (
				D006F90D24F5B41200BBD436 /* noticeApp.app */,
			);
			name = Products;
			sourceTree = "<group>";
		};
		D006F90F24F5B41200BBD436 /* noticeApp */ = {
			isa = PBXGroup;
			children = (
				D006F91024F5B41200BBD436 /* AppDelegate.swift */,
				D006F91224F5B41200BBD436 /* SceneDelegate.swift */,
				D006F91424F5B41200BBD436 /* ViewController.swift */,
				D006F91624F5B41200BBD436 /* Main.storyboard */,
				D006F91924F5B41500BBD436 /* Assets.xcassets */,
				D006F91B24F5B41500BBD436 /* LaunchScreen.storyboard */,
				D006F91E24F5B41500BBD436 /* Info.plist */,
			);
			path = noticeApp;
			sourceTree = "<group>";
		};
/* End PBXGroup section */

/* Begin PBXNativeTarget section */
		D006F90C24F5B41200BBD436 /* noticeApp */ = {
			isa = PBXNativeTarget;
			buildConfigurationList = D006F92124F5B41500BBD436 /* Build configuration list for PBXNativeTarget "noticeApp" */;
			buildPhases = (
				D006F90924F5B41200BBD436 /* Sources */,
				D006F90A24F5B41200BBD436 /* Frameworks */,
				D006F90B24F5B41200BBD436 /* Resources */,
			);
			buildRules = (
			);
			dependencies = (
			);
			name = noticeApp;
			productName = noticeApp;
			productReference = D006F90D24F5B41200BBD436 /* noticeApp.app */;
			productType = "com.apple.product-type.application";
		};
/* End PBXNativeTarget section */

/* Begin PBXProject section */
		D006F90524F5B41200BBD436 /* Project object */ = {
			isa = PBXProject;
			attributes = {
				LastSwiftUpdateCheck = 1150;
				LastUpgradeCheck = 1150;
				ORGANIZATIONNAME = "Miguel Eduardo  Valdez Tellez ";
				TargetAttributes = {
					D006F90C24F5B41200BBD436 = {
						CreatedOnToolsVersion = 11.5;
					};
				};
			};
			buildConfigurationList = D006F90824F5B41200BBD436 /* Build configuration list for PBXProject "noticeApp" */;
			compatibilityVersion = "Xcode 9.3";
			developmentRegion = en;
			hasScannedForEncodings = 0;
			knownRegions = (
				en,
				Base,
			);
			mainGroup = D006F90424F5B41200BBD436;
			productRefGroup = D006F90E24F5B41200BBD436 /* Products */;
			projectDirPath = "";
			projectRoot = "";
			targets = (
				D006F90C24F5B41200BBD436 /* noticeApp */,
			);
		};
/* End PBXProject section */

/* Begin PBXResourcesBuildPhase section */
		D006F90B24F5B41200BBD436 /* Resources */ = {
			isa = PBXResourcesBuildPhase;
			buildActionMask = 2147483647;
			files = (
				D006F91D24F5B41500BBD436 /* LaunchScreen.storyboard in Resources */,
				D006F91A24F5B41500BBD436 /* Assets.xcassets in Resources */,
				D006F91824F5B41200BBD436 /* Main.storyboard in Resources */,
			);
			runOnlyForDeploymentPostprocessing = 0;
		};
/* End PBXResourcesBuildPhase section */

/* Begin PBXSourcesBuildPhase section */
		D006F90924F5B41200BBD436 /* Sources */ = {
			isa = PBXSourcesBuildPhase;
			buildActionMask = 2147483647;
			files = (
				D006F91524F5B41200BBD436 /* ViewController.swift in Sources */,
				D006F91124F5B41200BBD436 /* AppDelegate.swift in Sources */,
				D006F91324F5B41200BBD436 /* SceneDelegate.swift in Sources */,
			);
			runOnlyForDeploymentPostprocessing = 0;
		};
/* End PBXSourcesBuildPhase section */

/* Begin PBXVariantGroup section */
		D006F91624F5B41200BBD436 /* Main.storyboard */ = {
			isa = PBXVariantGroup;
			children = (
				D006F91724F5B41200BBD436 /* Base */,
			);
			name = Main.storyboard;
			sourceTree = "<group>";
		};
		D006F91B24F5B41500BBD436 /* LaunchScreen.storyboard */ = {
			isa = PBXVariantGroup;
			children = (
				D006F91C24F5B41500BBD436 /* Base */,
			);
			name = LaunchScreen.storyboard;
			sourceTree = "<group>";
		};
/* End PBXVariantGroup section */

/* Begin XCBuildConfiguration section */
		D006F91F24F5B41500BBD436 /* Debug */ = {
			isa = XCBuildConfiguration;
			buildSettings = {
				ALWAYS_SEARCH_USER_PATHS = NO;
				CLANG_ANALYZER_NONNULL = YES;
				CLANG_ANALYZER_NUMBER_OBJECT_CONVERSION = YES_AGGRESSIVE;
				CLANG_CXX_LANGUAGE_STANDARD = "gnu++14";
				CLANG_CXX_LIBRARY = "libc++";
				CLANG_ENABLE_MODULES = YES;
				CLANG_ENABLE_OBJC_ARC = YES;
				CLANG_ENABLE_OBJC_WEAK = YES;
				CLANG_WARN_BLOCK_CAPTURE_AUTORELEASING = YES;
				CLANG_WARN_BOOL_CONVERSION = YES;
				CLANG_WARN_COMMA = YES;
				CLANG_WARN_CONSTANT_CONVERSION = YES;
				CLANG_WARN_DEPRECATED_OBJC_IMPLEMENTATIONS = YES;
				CLANG_WARN_DIRECT_OBJC_ISA_USAGE = YES_ERROR;
				CLANG_WARN_DOCUMENTATION_COMMENTS = YES;
				CLANG_WARN_EMPTY_BODY = YES;
				CLANG_WARN_ENUM_CONVERSION = YES;
				CLANG_WARN_INFINITE_RECURSION = YES;
				CLANG_WARN_INT_CONVERSION = YES;
				CLANG_WARN_NON_LITERAL_NULL_CONVERSION = YES;
				CLANG_WARN_OBJC_IMPLICIT_RETAIN_SELF = YES;
				CLANG_WARN_OBJC_LITERAL_CONVERSION = YES;
				CLANG_WARN_OBJC_ROOT_CLASS = YES_ERROR;
				CLANG_WARN_RANGE_LOOP_ANALYSIS = YES;
				CLANG_WARN_STRICT_PROTOTYPES = YES;
				CLANG_WARN_SUSPICIOUS_MOVE = YES;
				CLANG_WARN_UNGUARDED_AVAILABILITY = YES_AGGRESSIVE;
				CLANG_WARN_UNREACHABLE_CODE = YES;
				CLANG_WARN__DUPLICATE_METHOD_MATCH = YES;
				COPY_PHASE_STRIP = NO;
				DEBUG_INFORMATION_FORMAT = dwarf;
				ENABLE_STRICT_OBJC_MSGSEND = YES;
				ENABLE_TESTABILITY = YES;
				GCC_C_LANGUAGE_STANDARD = gnu11;
				GCC_DYNAMIC_NO_PIC = NO;
				GCC_NO_COMMON_BLOCKS = YES;
				GCC_OPTIMIZATION_LEVEL = 0;
				GCC_PREPROCESSOR_DEFINITIONS = (
					"DEBUG=1",
					"$(inherited)",
				);
				GCC_WARN_64_TO_32_BIT_CONVERSION = YES;
				GCC_WARN_ABOUT_RETURN_TYPE = YES_ERROR;
				GCC_WARN_UNDECLARED_SELECTOR = YES;
				GCC_WARN_UNINITIALIZED_AUTOS = YES_AGGRESSIVE;
				GCC_WARN_UNUSED_FUNCTION = YES;
				GCC_WARN_UNUSED_VARIABLE = YES;
				IPHONEOS_DEPLOYMENT_TARGET = 13.5;
				MTL_ENABLE_DEBUG_INFO = INCLUDE_SOURCE;
				MTL_FAST_MATH = YES;
				ONLY_ACTIVE_ARCH = YES;
				SDKROOT = iphoneos;
				SWIFT_ACTIVE_COMPILATION_CONDITIONS = DEBUG;
				SWIFT_OPTIMIZATION_LEVEL = "-Onone";
			};
			name = Debug;
		};
		D006F92024F5B41500BBD436 /* Release */ = {
			isa = XCBuildConfiguration;
			buildSettings = {
				ALWAYS_SEARCH_USER_PATHS = NO;
				CLANG_ANALYZER_NONNULL = YES;
				CLANG_ANALYZER_NUMBER_OBJECT_CONVERSION = YES_AGGRESSIVE;
				CLANG_CXX_LANGUAGE_STANDARD = "gnu++14";
				CLANG_CXX_LIBRARY = "libc++";
				CLANG_ENABLE_MODULES = YES;
				CLANG_ENABLE_OBJC_ARC = YES;
				CLANG_ENABLE_OBJC_WEAK = YES;
				CLANG_WARN_BLOCK_CAPTURE_AUTORELEASING = YES;
				CLANG_WARN_BOOL_CONVERSION = YES;
				CLANG_WARN_COMMA = YES;
				CLANG_WARN_CONSTANT_CONVERSION = YES;
				CLANG_WARN_DEPRECATED_OBJC_IMPLEMENTATIONS = YES;
				CLANG_WARN_DIRECT_OBJC_ISA_USAGE = YES_ERROR;
				CLANG_WARN_DOCUMENTATION_COMMENTS = YES;
				CLANG_WARN_EMPTY_BODY = YES;
				CLANG_WARN_ENUM_CONVERSION = YES;
				CLANG_WARN_INFINITE_RECURSION = YES;
				CLANG_WARN_INT_CONVERSION = YES;
				CLANG_WARN_NON_LITERAL_NULL_CONVERSION = YES;
				CLANG_WARN_OBJC_IMPLICIT_RETAIN_SELF = YES;
				CLANG_WARN_OBJC_LITERAL_CONVERSION = YES;
				CLANG_WARN_OBJC_ROOT_CLASS = YES_ERROR;
				CLANG_WARN_RANGE_LOOP_ANALYSIS = YES;
				CLANG_WARN_STRICT_PROTOTYPES = YES;
				CLANG_WARN_SUSPICIOUS_MOVE = YES;
				CLANG_WARN_UNGUARDED_AVAILABILITY = YES_AGGRESSIVE;
				CLANG_WARN_UNREACHABLE_CODE = YES;
				CLANG_WARN__DUPLICATE_METHOD_MATCH = YES;
				COPY_PHASE_STRIP = NO;
				DEBUG_INFORMATION_FORMAT = "dwarf-with-dsym";
				ENABLE_NS_ASSERTIONS = NO;
				ENABLE_STRICT_OBJC_MSGSEND = YES;
				GCC_C_LANGUAGE_STANDARD = gnu11;
				GCC_NO_COMMON_BLOCKS = YES;
				GCC_WARN_64_TO_32_BIT_CONVERSION = YES;
				GCC_WARN_ABOUT_RETURN_TYPE = YES_ERROR;
				GCC_WARN_UNDECLARED_SELECTOR = YES;
				GCC_WARN_UNINITIALIZED_AUTOS = YES_AGGRESSIVE;
				GCC_WARN_UNUSED_FUNCTION = YES;
				GCC_WARN_UNUSED_VARIABLE = YES;
				IPHONEOS_DEPLOYMENT_TARGET = 13.5;
				MTL_ENABLE_DEBUG_INFO = NO;
				MTL_FAST_MATH = YES;
				SDKROOT = iphoneos;
				SWIFT_COMPILATION_MODE = wholemodule;
				SWIFT_OPTIMIZATION_LEVEL = "-O";
				VALIDATE_PRODUCT = YES;
			};
			name = Release;
		};
		D006F92224F5B41500BBD436 /* Debug */ = {
			isa = XCBuildConfiguration;
			buildSettings = {
				ASSETCATALOG_COMPILER_APPICON_NAME = AppIcon;
				CODE_SIGN_STYLE = Automatic;
				DEVELOPMENT_TEAM = LDTAC66VP2;
				INFOPLIST_FILE = noticeApp/Info.plist;
				LD_RUNPATH_SEARCH_PATHS = (
					"$(inherited)",
					"@executable_path/Frameworks",
				);
				PRODUCT_BUNDLE_IDENTIFIER = Linko.noticeApp;
				PRODUCT_NAME = "$(TARGET_NAME)";
				SWIFT_VERSION = 5.0;
				TARGETED_DEVICE_FAMILY = "1,2";
			};
			name = Debug;
		};
		D006F92324F5B41500BBD436 /* Release */ = {
			isa = XCBuildConfiguration;
			buildSettings = {
				ASSETCATALOG_COMPILER_APPICON_NAME = AppIcon;
				CODE_SIGN_STYLE = Automatic;
				DEVELOPMENT_TEAM = LDTAC66VP2;
				INFOPLIST_FILE = noticeApp/Info.plist;
				LD_RUNPATH_SEARCH_PATHS = (
					"$(inherited)",
					"@executable_path/Frameworks",
				);
				PRODUCT_BUNDLE_IDENTIFIER = Linko.noticeApp;
				PRODUCT_NAME = "$(TARGET_NAME)";
				SWIFT_VERSION = 5.0;
				TARGETED_DEVICE_FAMILY = "1,2";
			};
			name = Release;
		};
/* End XCBuildConfiguration section */

/* Begin XCConfigurationList section */
		D006F90824F5B41200BBD436 /* Build configuration list for PBXProject "noticeApp" */ = {
			isa = XCConfigurationList;
			buildConfigurations = (
				D006F91F24F5B41500BBD436 /* Debug */,
				D006F92024F5B41500BBD436 /* Release */,
			);
			defaultConfigurationIsVisible = 0;
			defaultConfigurationName = Release;
		};
		D006F92124F5B41500BBD436 /* Build configuration list for PBXNativeTarget "noticeApp" */ = {
			isa = XCConfigurationList;
			buildConfigurations = (
				D006F92224F5B41500BBD436 /* Debug */,
				D006F92324F5B41500BBD436 /* Release */,
			);
			defaultConfigurationIsVisible = 0;
			defaultConfigurationName = Release;
		};
/* End XCConfigurationList section */
	};
	rootObject = D006F90524F5B41200BBD436 /* Project object */;
}
